PODS:
  - Amplitude-iOS (4.8.2)
  - Analytics (3.7.0)
  - app_tracking_transparency (0.0.1):
    - Flutter
  - Branch (1.39.3)
  - contacts_service (0.2.2):
    - Flutter
  - Firebase/Auth (8.0.0):
    - Firebase/CoreOnly
    - FirebaseAuth (~> 8.0.0)
  - Firebase/CoreOnly (8.0.0):
    - FirebaseCore (= 8.0.0)
  - Firebase/Messaging (8.0.0):
    - Firebase/CoreOnly
    - FirebaseMessaging (~> 8.0.0)
  - Firebase/RemoteConfig (8.0.0):
    - Firebase/CoreOnly
    - FirebaseRemoteConfig (~> 8.0.0)
  - firebase_auth (2.0.0):
    - Firebase/Auth (= 8.0.0)
    - firebase_core
    - Flutter
  - firebase_core (1.3.0):
    - Firebase/CoreOnly (= 8.0.0)
    - Flutter
  - firebase_messaging (10.0.3):
    - Firebase/Messaging (= 8.0.0)
    - firebase_core
    - Flutter
  - firebase_remote_config (0.10.0-2):
    - Firebase/RemoteConfig (= 8.0.0)
    - firebase_core
    - Flutter
  - FirebaseABTesting (8.2.0):
    - FirebaseCore (~> 8.0)
  - FirebaseAuth (8.0.0):
    - FirebaseCore (~> 8.0)
    - GoogleUtilities/AppDelegateSwizzler (~> 7.4)
    - GoogleUtilities/Environment (~> 7.4)
    - GTMSessionFetcher/Core (~> 1.5)
  - FirebaseCore (8.0.0):
    - FirebaseCoreDiagnostics (~> 8.0)
    - GoogleUtilities/Environment (~> 7.4)
    - GoogleUtilities/Logger (~> 7.4)
  - FirebaseCoreDiagnostics (8.2.0):
    - GoogleDataTransport (~> 9.0)
    - GoogleUtilities/Environment (~> 7.4)
    - GoogleUtilities/Logger (~> 7.4)
    - nanopb (~> 2.30908.0)
  - FirebaseInstallations (8.2.0):
    - FirebaseCore (~> 8.0)
    - GoogleUtilities/Environment (~> 7.4)
    - GoogleUtilities/UserDefaults (~> 7.4)
    - PromisesObjC (~> 1.2)
  - FirebaseMessaging (8.0.0):
    - FirebaseCore (~> 8.0)
    - FirebaseInstallations (~> 8.0)
    - GoogleUtilities/AppDelegateSwizzler (~> 7.4)
    - GoogleUtilities/Environment (~> 7.4)
    - GoogleUtilities/Reachability (~> 7.4)
    - GoogleUtilities/UserDefaults (~> 7.4)
  - FirebaseRemoteConfig (8.0.0):
    - FirebaseABTesting (~> 8.0)
    - FirebaseCore (~> 8.0)
    - FirebaseInstallations (~> 8.0)
    - GoogleUtilities/Environment (~> 7.4)
    - "GoogleUtilities/NSData+zlib (~> 7.4)"
  - Flutter (1.0.0)
  - flutter_branch_sdk (2.0.0):
    - Branch (~> 1.39.3)
    - Flutter
  - flutter_secure_storage (3.3.1):
    - Flutter
  - flutter_segment (0.0.1):
    - Analytics (= 3.7.0)
    - Flutter
    - Segment-Amplitude (= 3.0.1)
  - flutter_udid (0.0.1):
    - Flutter
    - SAMKeychain
  - flutter_web_browser (0.14.0):
    - Flutter
  - FMDB (2.7.5):
    - FMDB/standard (= 2.7.5)
  - FMDB/standard (2.7.5)
  - google_maps_flutter (0.0.1):
    - Flutter
    - GoogleMaps
  - GoogleDataTransport (9.0.1):
    - GoogleUtilities/Environment (~> 7.2)
    - nanopb (~> 2.30908.0)
    - PromisesObjC (~> 1.2)
  - GoogleMaps (5.0.0):
    - GoogleMaps/Maps (= 5.0.0)
  - GoogleMaps/Base (5.0.0)
  - GoogleMaps/Maps (5.0.0):
    - GoogleMaps/Base
  - GoogleUtilities/AppDelegateSwizzler (7.4.3):
    - GoogleUtilities/Environment
    - GoogleUtilities/Logger
    - GoogleUtilities/Network
  - GoogleUtilities/Environment (7.4.3):
    - PromisesObjC (~> 1.2)
  - GoogleUtilities/Logger (7.4.3):
    - GoogleUtilities/Environment
  - GoogleUtilities/Network (7.4.3):
    - GoogleUtilities/Logger
    - "GoogleUtilities/NSData+zlib"
    - GoogleUtilities/Reachability
  - "GoogleUtilities/NSData+zlib (7.4.3)"
  - GoogleUtilities/Reachability (7.4.3):
    - GoogleUtilities/Logger
  - GoogleUtilities/UserDefaults (7.4.3):
    - GoogleUtilities/Logger
  - GTMSessionFetcher/Core (1.6.1)
  - image_picker (0.0.1):
    - Flutter
  - local_auth (0.0.1):
    - Flutter
  - nanopb (2.30908.0):
    - nanopb/decode (= 2.30908.0)
    - nanopb/encode (= 2.30908.0)
  - nanopb/decode (2.30908.0)
  - nanopb/encode (2.30908.0)
  - package_info (0.0.1):
    - Flutter
  - package_info_plus (0.4.5):
    - Flutter
  - path_provider (0.0.1):
    - Flutter
  - "permission_handler (5.1.0+2)":
    - Flutter
  - phone_number (0.11.0):
    - Flutter
    - PhoneNumberKit/PhoneNumberKitCore (= 3.3.3)
  - PhoneNumberKit/PhoneNumberKitCore (3.3.3)
  - PromisesObjC (1.2.12)
  - rate_my_app (1.1.0):
    - Flutter
  - SAMKeychain (1.5.3)
  - scan (0.0.1):
    - Flutter
  - Segment-Amplitude (3.0.1):
    - Amplitude-iOS (~> 4.8.0)
    - Analytics (~> 3.7.0)
  - Sentry (7.1.3):
    - Sentry/Core (= 7.1.3)
  - Sentry/Core (7.1.3)
  - sentry_flutter (0.0.1):
    - Flutter
    - FlutterMacOS
    - Sentry (~> 7.1.3)
  - share (0.0.1):
    - Flutter
  - shared_preferences (0.0.1):
    - Flutter
  - sqflite (0.0.2):
    - Flutter
    - FMDB (>= 2.7.5)
  - url_launcher (0.0.1):
    - Flutter
  - webview_flutter (0.0.1):
    - Flutter

DEPENDENCIES:
  - app_tracking_transparency (from `.symlinks/plugins/app_tracking_transparency/ios`)
  - contacts_service (from `.symlinks/plugins/contacts_service/ios`)
  - firebase_auth (from `.symlinks/plugins/firebase_auth/ios`)
  - firebase_core (from `.symlinks/plugins/firebase_core/ios`)
  - firebase_messaging (from `.symlinks/plugins/firebase_messaging/ios`)
  - firebase_remote_config (from `.symlinks/plugins/firebase_remote_config/ios`)
  - Flutter (from `Flutter`)
  - flutter_branch_sdk (from `.symlinks/plugins/flutter_branch_sdk/ios`)
  - flutter_secure_storage (from `.symlinks/plugins/flutter_secure_storage/ios`)
  - flutter_segment (from `.symlinks/plugins/flutter_segment/ios`)
  - flutter_udid (from `.symlinks/plugins/flutter_udid/ios`)
  - flutter_web_browser (from `.symlinks/plugins/flutter_web_browser/ios`)
  - google_maps_flutter (from `.symlinks/plugins/google_maps_flutter/ios`)
  - image_picker (from `.symlinks/plugins/image_picker/ios`)
  - local_auth (from `.symlinks/plugins/local_auth/ios`)
  - package_info (from `.symlinks/plugins/package_info/ios`)
  - package_info_plus (from `.symlinks/plugins/package_info_plus/ios`)
  - path_provider (from `.symlinks/plugins/path_provider/ios`)
  - permission_handler (from `.symlinks/plugins/permission_handler/ios`)
  - phone_number (from `.symlinks/plugins/phone_number/ios`)
  - rate_my_app (from `.symlinks/plugins/rate_my_app/ios`)
  - scan (from `.symlinks/plugins/scan/ios`)
  - sentry_flutter (from `.symlinks/plugins/sentry_flutter/ios`)
  - share (from `.symlinks/plugins/share/ios`)
  - shared_preferences (from `.symlinks/plugins/shared_preferences/ios`)
  - sqflite (from `.symlinks/plugins/sqflite/ios`)
  - url_launcher (from `.symlinks/plugins/url_launcher/ios`)
  - webview_flutter (from `.symlinks/plugins/webview_flutter/ios`)

SPEC REPOS:
  trunk:
    - Amplitude-iOS
    - Analytics
    - Branch
    - Firebase
    - FirebaseABTesting
    - FirebaseAuth
    - FirebaseCore
    - FirebaseCoreDiagnostics
    - FirebaseInstallations
    - FirebaseMessaging
    - FirebaseRemoteConfig
    - FMDB
    - GoogleDataTransport
    - GoogleMaps
    - GoogleUtilities
    - GTMSessionFetcher
    - nanopb
    - PhoneNumberKit
    - PromisesObjC
    - SAMKeychain
    - Segment-Amplitude
    - Sentry

EXTERNAL SOURCES:
  app_tracking_transparency:
    :path: ".symlinks/plugins/app_tracking_transparency/ios"
  contacts_service:
    :path: ".symlinks/plugins/contacts_service/ios"
  firebase_auth:
    :path: ".symlinks/plugins/firebase_auth/ios"
  firebase_core:
    :path: ".symlinks/plugins/firebase_core/ios"
  firebase_messaging:
    :path: ".symlinks/plugins/firebase_messaging/ios"
  firebase_remote_config:
    :path: ".symlinks/plugins/firebase_remote_config/ios"
  Flutter:
    :path: Flutter
  flutter_branch_sdk:
    :path: ".symlinks/plugins/flutter_branch_sdk/ios"
  flutter_secure_storage:
    :path: ".symlinks/plugins/flutter_secure_storage/ios"
  flutter_segment:
    :path: ".symlinks/plugins/flutter_segment/ios"
  flutter_udid:
    :path: ".symlinks/plugins/flutter_udid/ios"
  flutter_web_browser:
    :path: ".symlinks/plugins/flutter_web_browser/ios"
  google_maps_flutter:
    :path: ".symlinks/plugins/google_maps_flutter/ios"
  image_picker:
    :path: ".symlinks/plugins/image_picker/ios"
  local_auth:
    :path: ".symlinks/plugins/local_auth/ios"
  package_info:
    :path: ".symlinks/plugins/package_info/ios"
  package_info_plus:
    :path: ".symlinks/plugins/package_info_plus/ios"
  path_provider:
    :path: ".symlinks/plugins/path_provider/ios"
  permission_handler:
    :path: ".symlinks/plugins/permission_handler/ios"
  phone_number:
    :path: ".symlinks/plugins/phone_number/ios"
  rate_my_app:
    :path: ".symlinks/plugins/rate_my_app/ios"
  scan:
    :path: ".symlinks/plugins/scan/ios"
  sentry_flutter:
    :path: ".symlinks/plugins/sentry_flutter/ios"
  share:
    :path: ".symlinks/plugins/share/ios"
  shared_preferences:
    :path: ".symlinks/plugins/shared_preferences/ios"
  sqflite:
    :path: ".symlinks/plugins/sqflite/ios"
  url_launcher:
    :path: ".symlinks/plugins/url_launcher/ios"
  webview_flutter:
    :path: ".symlinks/plugins/webview_flutter/ios"

SPEC CHECKSUMS:
  Amplitude-iOS: 46c8e6e65c49bb1ad1909a9add1a68e1f8562b3f
  Analytics: 77fd5fb102a4a5eedafa2c2b0245ceb7b7c15e45
  app_tracking_transparency: 5b1745ef9ade815f7455cb6a0848349589afb7c5
  Branch: 13df8e1a6985745a03389146df1eeda723645a97
  contacts_service: 849e1f84281804c8bfbec1b4c3eedcb23c5d3eca
  Firebase: 73c3e3b216ec1ecbc54d2ffdd4670c65c749edb1
  firebase_auth: 1e633b05c508081a0876749432ac742075b3f4f3
  firebase_core: cda81ae37eda6df2bc2d16027fda527987c4bd33
  firebase_messaging: 861664166bbdd527cb40396d4a381f0a1c39f61d
  firebase_remote_config: 6cf81266981ea8fe8cb3a7e01c8270b04e31f9d1
  FirebaseABTesting: 5f37131c5eceea579c471c915f7a0f8cad484d1f
  FirebaseAuth: b8cd992fca5b53dc6eec09e873a3f375f000c5a1
  FirebaseCore: 3f09591d51292843e2a46f18358d60bf4e996255
  FirebaseCoreDiagnostics: 61384f54989065b15c36b5922b65112e86811d3c
  FirebaseInstallations: 9394ea09e242bf0816e95ac30e56a9214cc86ced
  FirebaseMessaging: 1a33b4af3c8042ed6ddacb6c031894af2064bfab
  FirebaseRemoteConfig: 055f6b5ba1751547596ded5032c4d5c6054ca501
  Flutter: 434fef37c0980e73bb6479ef766c45957d4b510c
  flutter_branch_sdk: 3d609ce62f51d975d477bce421339e0e59b38c92
  flutter_secure_storage: 7953c38a04c3fdbb00571bcd87d8e3b5ceb9daec
  flutter_segment: ed8d1215725d0b4190e28105436f253b9e092934
  flutter_udid: 0848809dbed4c055175747ae6a45a8b4f6771e1c
  flutter_web_browser: a719eca01d00bdc9a0e13e42194f86b90a5b8729
  FMDB: 2ce00b547f966261cd18927a3ddb07cb6f3db82a
  google_maps_flutter: df4e7de95264aa0a2f11aac0fc7e313acb8ffc7e
  GoogleDataTransport: 04c3e9a480bbcaa2ec3f5d27f1cdeb6a92f20c8d
  GoogleMaps: 600e5e69bdf7f4ed7cac4d6aa96c7ec08a5aa254
  GoogleUtilities: 45dbb24a7f351d69d0a601482b39ad6c32e30dab
  GTMSessionFetcher: 36689134877faeb055b27dfa4ccc9ceaa42e029e
  image_picker: e06f7a68f000bd36f552c1847e33cda96ed31f1f
  local_auth: 25938960984c3a7f6e3253e3f8d962fdd16852bd
  nanopb: a0ba3315591a9ae0a16a309ee504766e90db0c96
  package_info: 873975fc26034f0b863a300ad47e7f1ac6c7ec62
  package_info_plus: 6c92f08e1f853dc01228d6f553146438dafcd14e
  path_provider: abfe2b5c733d04e238b0d8691db0cfd63a27a93c
  permission_handler: ccb20a9fad0ee9b1314a52b70b76b473c5f8dab0
  phone_number: aaf1197d6ff991ac59640e7f73472e06f2efac95
  PhoneNumberKit: 4ce83273551c4d2ae10b7361162f4283dd02835f
  PromisesObjC: 3113f7f76903778cf4a0586bd1ab89329a0b7b97
  rate_my_app: b2b5847177b024ab7fcfd02ced7a84a9b67eeaf2
  SAMKeychain: 483e1c9f32984d50ca961e26818a534283b4cd5c
  scan: aea35bb4aa59ccc8839c576a18cd57c7d492cc86
  Segment-Amplitude: 1b3b02a2e92f4b08a413a72bf7aa44f78566ab3b
  Sentry: 6d963d64804dd06d96e778be729613f481394312
  sentry_flutter: f20d4f199442900fbdab2b8496f1d2091d8b94d9
  share: 0b2c3e82132f5888bccca3351c504d0003b3b410
  shared_preferences: af6bfa751691cdc24be3045c43ec037377ada40d
  sqflite: 6d358c025f5b867b29ed92fc697fd34924e11904
  url_launcher: 6fef411d543ceb26efce54b05a0a40bfd74cbbef
  webview_flutter: 3603125dfd3bcbc9d8d418c3f80aeecf331c068b

PODFILE CHECKSUM: 7affebd2afee58bc81e5a8b4ae3dac24d1f54a2f

COCOAPODS: 1.10.1
